
Microsoft Visual Studio Solution File, Format Version 12.00
# Visual Studio 15
VisualStudioVersion = 15.0.28307.106
MinimumVisualStudioVersion = 10.0.40219.1
Project("{888888A0-9F3D-457C-B088-3A5042F75D52}") = "spawn_tool", "spawn_tool.pyproj", "{6787E8E3-9C65-4C49-BFAA-2C2AD3E5D5BC}"
EndProject
Global
	GlobalSection(SolutionConfigurationPlatforms) = preSolution
		Debug|Any CPU = Debug|Any CPU
		Release|Any CPU = Release|Any CPU
	EndGlobalSection
	GlobalSection(ProjectConfigurationPlatforms) = postSolution
		{6787E8E3-9C65-4C49-BFAA-2C2AD3E5D5BC}.Debug|Any CPU.ActiveCfg = Debug|Any CPU
		{6787E8E3-9C65-4C49-BFAA-2C2AD3E5D5BC}.Release|Any CPU.ActiveCfg = Release|Any CPU
	EndGlobalSection
	GlobalSection(SolutionProperties) = preSolution
		HideSolutionNode = FALSE
	EndGlobalSection
	GlobalSection(ExtensibilityGlobals) = postSolution
		SolutionGuid = {B1CABAD9-E196-4F97-8A1B-70E8BD976386}
	EndGlobalSection
EndGlobal
